// !$*UTF8*$!
{
	archiveVersion = 1;
	classes = {
	};
	objectVersion = 51;
	objects = {

/* Begin PBXBuildFile section */
		A6EB6700CBB2F6DE096EFDAA /* Pods_MyChat.framework in Frameworks */ = {isa = PBXBuildFile; fileRef = 072F7C8316EDC263CDBF2648 /* Pods_MyChat.framework */; };
		C304FFFC25FCEBAC005A3A14 /* Settings.swift in Sources */ = {isa = PBXBuildFile; fileRef = C304FFFB25FCEBAC005A3A14 /* Settings.swift */; };
		C304FFFF25FCFEB9005A3A14 /* FileWorkManager.swift in Sources */ = {isa = PBXBuildFile; fileRef = C304FFFE25FCFEB9005A3A14 /* FileWorkManager.swift */; };
		C30A65B925F66F0A00962C9C /* UIAlertController.swift in Sources */ = {isa = PBXBuildFile; fileRef = C30A65B825F66F0A00962C9C /* UIAlertController.swift */; };
		C30A65BC25F6737B00962C9C /* UIWindow.swift in Sources */ = {isa = PBXBuildFile; fileRef = C30A65BB25F6737B00962C9C /* UIWindow.swift */; };
		C32247302601F55A00F5F639 /* OperationFileLoader.swift in Sources */ = {isa = PBXBuildFile; fileRef = C322472F2601F55A00F5F639 /* OperationFileLoader.swift */; };
		C32247332601F59600F5F639 /* FileLoaderProtocol.swift in Sources */ = {isa = PBXBuildFile; fileRef = C32247322601F59600F5F639 /* FileLoaderProtocol.swift */; };
		C325085F25F0179100A92D9C /* BubbleView.swift in Sources */ = {isa = PBXBuildFile; fileRef = C325085E25F0179100A92D9C /* BubbleView.swift */; };
		C32E748425FE74CF0063AB24 /* GCDFileLoader.swift in Sources */ = {isa = PBXBuildFile; fileRef = C32E748325FE74CF0063AB24 /* GCDFileLoader.swift */; };
		C34551DF25E63919004F13ED /* UIButton.swift in Sources */ = {isa = PBXBuildFile; fileRef = C34551DE25E63918004F13ED /* UIButton.swift */; };
		C34B08A225F3BDEA00C6D24C /* ThemesViewController.swift in Sources */ = {isa = PBXBuildFile; fileRef = C34B08A125F3BDEA00C6D24C /* ThemesViewController.swift */; };
		C34B08A825F3C4F400C6D24C /* ThemeManager.swift in Sources */ = {isa = PBXBuildFile; fileRef = C34B08A725F3C4F400C6D24C /* ThemeManager.swift */; };
		C355D7D22623532B00028130 /* ChannelsManagerProtocol.swift in Sources */ = {isa = PBXBuildFile; fileRef = C355D7D12623532B00028130 /* ChannelsManagerProtocol.swift */; };
		C355D7D72623540700028130 /* CoreDataStackProtocol.swift in Sources */ = {isa = PBXBuildFile; fileRef = C355D7D62623540700028130 /* CoreDataStackProtocol.swift */; };
		C355D7FA262371DE00028130 /* FetchedResultsControllerProtocol.swift in Sources */ = {isa = PBXBuildFile; fileRef = C355D7F9262371DE00028130 /* FetchedResultsControllerProtocol.swift */; };
		C35C14842620917200716EDA /* FetchedResultsControllerDelegate.swift in Sources */ = {isa = PBXBuildFile; fileRef = C35C14832620917200716EDA /* FetchedResultsControllerDelegate.swift */; };
		C35C14882620996700716EDA /* TextFieldDelegate.swift in Sources */ = {isa = PBXBuildFile; fileRef = C35C14872620996700716EDA /* TextFieldDelegate.swift */; };
		C35F135825FA2F280028A796 /* Section.swift in Sources */ = {isa = PBXBuildFile; fileRef = C35F135725FA2F280028A796 /* Section.swift */; };
		C35F135B25FA2FE90028A796 /* User.swift in Sources */ = {isa = PBXBuildFile; fileRef = C35F135A25FA2FE90028A796 /* User.swift */; };
		C3648F7A260347BA000D75C8 /* StateLoader.swift in Sources */ = {isa = PBXBuildFile; fileRef = C3648F79260347BA000D75C8 /* StateLoader.swift */; };
		C366505725D93FB600335208 /* AppDelegate.swift in Sources */ = {isa = PBXBuildFile; fileRef = C366505625D93FB600335208 /* AppDelegate.swift */; };
		C366505925D93FB600335208 /* SceneDelegate.swift in Sources */ = {isa = PBXBuildFile; fileRef = C366505825D93FB600335208 /* SceneDelegate.swift */; };
		C366505B25D93FB600335208 /* ViewController.swift in Sources */ = {isa = PBXBuildFile; fileRef = C366505A25D93FB600335208 /* ViewController.swift */; };
		C366505E25D93FB600335208 /* Main.storyboard in Resources */ = {isa = PBXBuildFile; fileRef = C366505C25D93FB600335208 /* Main.storyboard */; };
		C366506025D93FB700335208 /* Assets.xcassets in Resources */ = {isa = PBXBuildFile; fileRef = C366505F25D93FB700335208 /* Assets.xcassets */; };
		C366506325D93FB700335208 /* LaunchScreen.storyboard in Resources */ = {isa = PBXBuildFile; fileRef = C366506125D93FB700335208 /* LaunchScreen.storyboard */; };
		C36EEE9425E2582600A60E66 /* ProfileViewController.swift in Sources */ = {isa = PBXBuildFile; fileRef = C36EEE9325E2582600A60E66 /* ProfileViewController.swift */; };
		C36EF9AF26208BDF00F1DF87 /* TableViewDataSource.swift in Sources */ = {isa = PBXBuildFile; fileRef = C36EF9AE26208BDF00F1DF87 /* TableViewDataSource.swift */; };
		C36EF9B326208C7800F1DF87 /* TableViewDelegate.swift in Sources */ = {isa = PBXBuildFile; fileRef = C36EF9B226208C7800F1DF87 /* TableViewDelegate.swift */; };
		C3724ACE25EA2C5E0039CD24 /* ConversationsListViewController.swift in Sources */ = {isa = PBXBuildFile; fileRef = C3724ACD25EA2C5E0039CD24 /* ConversationsListViewController.swift */; };
		C3724AD125EA2EA20039CD24 /* ConversationViewController.swift in Sources */ = {isa = PBXBuildFile; fileRef = C3724AD025EA2EA20039CD24 /* ConversationViewController.swift */; };
		C3725D252605D5C000A49989 /* GoogleService-Info.plist in Resources */ = {isa = PBXBuildFile; fileRef = C3725D242605D5C000A49989 /* GoogleService-Info.plist */; };
		C38DB9602624261300F602E3 /* TextFieldDelegateProtocol.swift in Sources */ = {isa = PBXBuildFile; fileRef = C38DB95F2624261300F602E3 /* TextFieldDelegateProtocol.swift */; };
		C38DB9642624394F00F602E3 /* MoveTextFieldManager.swift in Sources */ = {isa = PBXBuildFile; fileRef = C38DB9632624394F00F602E3 /* MoveTextFieldManager.swift */; };
		C38DB96826243CF400F602E3 /* MoveTextFieldProtocol.swift in Sources */ = {isa = PBXBuildFile; fileRef = C38DB96726243CF400F602E3 /* MoveTextFieldProtocol.swift */; };
		C38DB9702624555200F602E3 /* PickerControllerProtocol.swift in Sources */ = {isa = PBXBuildFile; fileRef = C38DB96F2624555200F602E3 /* PickerControllerProtocol.swift */; };
		C38DB9742624565100F602E3 /* ImageSelectionManagerProtocol.swift in Sources */ = {isa = PBXBuildFile; fileRef = C38DB9732624565100F602E3 /* ImageSelectionManagerProtocol.swift */; };
		C38DB978262456D300F602E3 /* GraphicsImageRendererProtocol.swift in Sources */ = {isa = PBXBuildFile; fileRef = C38DB977262456D300F602E3 /* GraphicsImageRendererProtocol.swift */; };
		C394759F26221F9D009FB796 /* ProfileButton.swift in Sources */ = {isa = PBXBuildFile; fileRef = C394759E26221F9D009FB796 /* ProfileButton.swift */; };
		C39475A3262223F5009FB796 /* ImageSelectionManager.swift in Sources */ = {isa = PBXBuildFile; fileRef = C39475A2262223F5009FB796 /* ImageSelectionManager.swift */; };
		C39475A826222677009FB796 /* GraphicsImageRenderer.swift in Sources */ = {isa = PBXBuildFile; fileRef = C39475A726222677009FB796 /* GraphicsImageRenderer.swift */; };
		C3A9A7162621C136000682CF /* PickerController.swift in Sources */ = {isa = PBXBuildFile; fileRef = C3A9A7152621C136000682CF /* PickerController.swift */; };
		C3A9A71A2621C9BE000682CF /* ChannelsManager.swift in Sources */ = {isa = PBXBuildFile; fileRef = C3A9A7192621C9BE000682CF /* ChannelsManager.swift */; };
		C3A9A7212621DCB5000682CF /* FetchedResultsManager.swift in Sources */ = {isa = PBXBuildFile; fileRef = C3A9A7202621DCB5000682CF /* FetchedResultsManager.swift */; };
		C3AD54D9261A410E004CB375 /* NSManagedObject.swift in Sources */ = {isa = PBXBuildFile; fileRef = C3AD54D8261A410E004CB375 /* NSManagedObject.swift */; };
		C3AD54DF261A43ED004CB375 /* String.swift in Sources */ = {isa = PBXBuildFile; fileRef = C3AD54DE261A43ED004CB375 /* String.swift */; };
		C3B04F922622E2050044632B /* ThemeManagerProtocol.swift in Sources */ = {isa = PBXBuildFile; fileRef = C3B04F912622E2050044632B /* ThemeManagerProtocol.swift */; };
		C3B04FA82622E5DA0044632B /* PrintManager.swift in Sources */ = {isa = PBXBuildFile; fileRef = C3B04FA72622E5DA0044632B /* PrintManager.swift */; };
		C3B04FAB2622E5F60044632B /* PrintManagerProtocol.swift in Sources */ = {isa = PBXBuildFile; fileRef = C3B04FAA2622E5F60044632B /* PrintManagerProtocol.swift */; };
		C3B04FC42622F7C60044632B /* TableViewDataSourceProtocol.swift in Sources */ = {isa = PBXBuildFile; fileRef = C3B04FC32622F7C60044632B /* TableViewDataSourceProtocol.swift */; };
		C3B04FC92622FB550044632B /* TableViewDelegateProtocol.swift in Sources */ = {isa = PBXBuildFile; fileRef = C3B04FC82622FB550044632B /* TableViewDelegateProtocol.swift */; };
		C3B04FCD2622FCD10044632B /* ScreenSaverProtocol.swift in Sources */ = {isa = PBXBuildFile; fileRef = C3B04FCC2622FCD10044632B /* ScreenSaverProtocol.swift */; };
		C3B04FD22622FD5C0044632B /* FirebaseManagerProtocol.swift in Sources */ = {isa = PBXBuildFile; fileRef = C3B04FD12622FD5C0044632B /* FirebaseManagerProtocol.swift */; };
		C3B2AB1825F4EC06005A4560 /* UITableViewCell.swift in Sources */ = {isa = PBXBuildFile; fileRef = C3B2AB1725F4EC06005A4560 /* UITableViewCell.swift */; };
		C3B4167425F4FF3900A486BE /* UITextField.swift in Sources */ = {isa = PBXBuildFile; fileRef = C3B4167325F4FF3900A486BE /* UITextField.swift */; };
		C3CC03A626203B690003CF0E /* CoordinatorProtocol.swift in Sources */ = {isa = PBXBuildFile; fileRef = C3CC03A526203B690003CF0E /* CoordinatorProtocol.swift */; };
		C3CC03AD26203C2D0003CF0E /* GoToCoordinatorProtocol.swift in Sources */ = {isa = PBXBuildFile; fileRef = C3CC03AC26203C2D0003CF0E /* GoToCoordinatorProtocol.swift */; };
		C3CC03B326203CC30003CF0E /* Coordinator.swift in Sources */ = {isa = PBXBuildFile; fileRef = C3CC03B226203CC30003CF0E /* Coordinator.swift */; };
		C3CEF75C25EAD81200C1C933 /* ConversationsListCell.swift in Sources */ = {isa = PBXBuildFile; fileRef = C3CEF75B25EAD81200C1C933 /* ConversationsListCell.swift */; };
		C3CEF76125EAD8A000C1C933 /* ConversationCell.swift in Sources */ = {isa = PBXBuildFile; fileRef = C3CEF75F25EAD8A000C1C933 /* ConversationCell.swift */; };
		C3F15156262186410021CE85 /* ScreenSaver.swift in Sources */ = {isa = PBXBuildFile; fileRef = C3F15155262186410021CE85 /* ScreenSaver.swift */; };
		C3F1515B2621897E0021CE85 /* FirebaseManager.swift in Sources */ = {isa = PBXBuildFile; fileRef = C3F1515A2621897E0021CE85 /* FirebaseManager.swift */; };
		C3F5E72C25E6A89500633D0D /* Profile.swift in Sources */ = {isa = PBXBuildFile; fileRef = C3F5E72B25E6A89500633D0D /* Profile.swift */; };
		C3FFDE23260F481400974C5C /* Chats.xcdatamodeld in Sources */ = {isa = PBXBuildFile; fileRef = C3FFDE21260F481400974C5C /* Chats.xcdatamodeld */; };
		C3FFDE49260F580B00974C5C /* CoreDataStack.swift in Sources */ = {isa = PBXBuildFile; fileRef = C3FFDE48260F580B00974C5C /* CoreDataStack.swift */; };
		C3FFDE4C260F5AF700974C5C /* ChatsDataModel.swift in Sources */ = {isa = PBXBuildFile; fileRef = C3FFDE4B260F5AF700974C5C /* ChatsDataModel.swift */; };
/* End PBXBuildFile section */

/* Begin PBXFileReference section */
		072F7C8316EDC263CDBF2648 /* Pods_MyChat.framework */ = {isa = PBXFileReference; explicitFileType = wrapper.framework; includeInIndex = 0; path = Pods_MyChat.framework; sourceTree = BUILT_PRODUCTS_DIR; };
		C304FFFB25FCEBAC005A3A14 /* Settings.swift */ = {isa = PBXFileReference; lastKnownFileType = sourcecode.swift; path = Settings.swift; sourceTree = "<group>"; };
		C304FFFE25FCFEB9005A3A14 /* FileWorkManager.swift */ = {isa = PBXFileReference; lastKnownFileType = sourcecode.swift; path = FileWorkManager.swift; sourceTree = "<group>"; };
		C30A65B825F66F0A00962C9C /* UIAlertController.swift */ = {isa = PBXFileReference; lastKnownFileType = sourcecode.swift; path = UIAlertController.swift; sourceTree = "<group>"; };
		C30A65BB25F6737B00962C9C /* UIWindow.swift */ = {isa = PBXFileReference; lastKnownFileType = sourcecode.swift; path = UIWindow.swift; sourceTree = "<group>"; };
		C322472F2601F55A00F5F639 /* OperationFileLoader.swift */ = {isa = PBXFileReference; lastKnownFileType = sourcecode.swift; path = OperationFileLoader.swift; sourceTree = "<group>"; };
		C32247322601F59600F5F639 /* FileLoaderProtocol.swift */ = {isa = PBXFileReference; lastKnownFileType = sourcecode.swift; path = FileLoaderProtocol.swift; sourceTree = "<group>"; };
		C325085E25F0179100A92D9C /* BubbleView.swift */ = {isa = PBXFileReference; lastKnownFileType = sourcecode.swift; path = BubbleView.swift; sourceTree = "<group>"; };
		C32E748325FE74CF0063AB24 /* GCDFileLoader.swift */ = {isa = PBXFileReference; lastKnownFileType = sourcecode.swift; path = GCDFileLoader.swift; sourceTree = "<group>"; };
		C34551DE25E63918004F13ED /* UIButton.swift */ = {isa = PBXFileReference; lastKnownFileType = sourcecode.swift; path = UIButton.swift; sourceTree = "<group>"; };
		C34B08A125F3BDEA00C6D24C /* ThemesViewController.swift */ = {isa = PBXFileReference; lastKnownFileType = sourcecode.swift; path = ThemesViewController.swift; sourceTree = "<group>"; };
		C34B08A725F3C4F400C6D24C /* ThemeManager.swift */ = {isa = PBXFileReference; lastKnownFileType = sourcecode.swift; path = ThemeManager.swift; sourceTree = "<group>"; };
		C355D7D12623532B00028130 /* ChannelsManagerProtocol.swift */ = {isa = PBXFileReference; lastKnownFileType = sourcecode.swift; path = ChannelsManagerProtocol.swift; sourceTree = "<group>"; };
		C355D7D62623540700028130 /* CoreDataStackProtocol.swift */ = {isa = PBXFileReference; lastKnownFileType = sourcecode.swift; path = CoreDataStackProtocol.swift; sourceTree = "<group>"; };
		C355D7F9262371DE00028130 /* FetchedResultsControllerProtocol.swift */ = {isa = PBXFileReference; lastKnownFileType = sourcecode.swift; path = FetchedResultsControllerProtocol.swift; sourceTree = "<group>"; };
		C35C14832620917200716EDA /* FetchedResultsControllerDelegate.swift */ = {isa = PBXFileReference; lastKnownFileType = sourcecode.swift; path = FetchedResultsControllerDelegate.swift; sourceTree = "<group>"; };
		C35C14872620996700716EDA /* TextFieldDelegate.swift */ = {isa = PBXFileReference; lastKnownFileType = sourcecode.swift; path = TextFieldDelegate.swift; sourceTree = "<group>"; };
		C35F135725FA2F280028A796 /* Section.swift */ = {isa = PBXFileReference; lastKnownFileType = sourcecode.swift; path = Section.swift; sourceTree = "<group>"; };
		C35F135A25FA2FE90028A796 /* User.swift */ = {isa = PBXFileReference; lastKnownFileType = sourcecode.swift; path = User.swift; sourceTree = "<group>"; };
		C3648F79260347BA000D75C8 /* StateLoader.swift */ = {isa = PBXFileReference; lastKnownFileType = sourcecode.swift; path = StateLoader.swift; sourceTree = "<group>"; };
		C366505325D93FB600335208 /* MyChat.app */ = {isa = PBXFileReference; explicitFileType = wrapper.application; includeInIndex = 0; path = MyChat.app; sourceTree = BUILT_PRODUCTS_DIR; };
		C366505625D93FB600335208 /* AppDelegate.swift */ = {isa = PBXFileReference; lastKnownFileType = sourcecode.swift; path = AppDelegate.swift; sourceTree = "<group>"; };
		C366505825D93FB600335208 /* SceneDelegate.swift */ = {isa = PBXFileReference; lastKnownFileType = sourcecode.swift; path = SceneDelegate.swift; sourceTree = "<group>"; };
		C366505A25D93FB600335208 /* ViewController.swift */ = {isa = PBXFileReference; lastKnownFileType = sourcecode.swift; path = ViewController.swift; sourceTree = "<group>"; };
		C366505D25D93FB600335208 /* Base */ = {isa = PBXFileReference; lastKnownFileType = file.storyboard; name = Base; path = Base.lproj/Main.storyboard; sourceTree = "<group>"; };
		C366505F25D93FB700335208 /* Assets.xcassets */ = {isa = PBXFileReference; lastKnownFileType = folder.assetcatalog; path = Assets.xcassets; sourceTree = "<group>"; };
		C366506225D93FB700335208 /* Base */ = {isa = PBXFileReference; lastKnownFileType = file.storyboard; name = Base; path = Base.lproj/LaunchScreen.storyboard; sourceTree = "<group>"; };
		C366506425D93FB700335208 /* Info.plist */ = {isa = PBXFileReference; lastKnownFileType = text.plist.xml; path = Info.plist; sourceTree = "<group>"; };
		C36EEE9325E2582600A60E66 /* ProfileViewController.swift */ = {isa = PBXFileReference; lastKnownFileType = sourcecode.swift; path = ProfileViewController.swift; sourceTree = "<group>"; };
		C36EF9AE26208BDF00F1DF87 /* TableViewDataSource.swift */ = {isa = PBXFileReference; lastKnownFileType = sourcecode.swift; path = TableViewDataSource.swift; sourceTree = "<group>"; };
		C36EF9B226208C7800F1DF87 /* TableViewDelegate.swift */ = {isa = PBXFileReference; lastKnownFileType = sourcecode.swift; path = TableViewDelegate.swift; sourceTree = "<group>"; };
		C3724ACD25EA2C5E0039CD24 /* ConversationsListViewController.swift */ = {isa = PBXFileReference; lastKnownFileType = sourcecode.swift; path = ConversationsListViewController.swift; sourceTree = "<group>"; };
		C3724AD025EA2EA20039CD24 /* ConversationViewController.swift */ = {isa = PBXFileReference; lastKnownFileType = sourcecode.swift; path = ConversationViewController.swift; sourceTree = "<group>"; };
		C3725D242605D5C000A49989 /* GoogleService-Info.plist */ = {isa = PBXFileReference; fileEncoding = 4; lastKnownFileType = text.plist.xml; path = "GoogleService-Info.plist"; sourceTree = "<group>"; };
		C38DB95F2624261300F602E3 /* TextFieldDelegateProtocol.swift */ = {isa = PBXFileReference; lastKnownFileType = sourcecode.swift; path = TextFieldDelegateProtocol.swift; sourceTree = "<group>"; };
		C38DB9632624394F00F602E3 /* MoveTextFieldManager.swift */ = {isa = PBXFileReference; lastKnownFileType = sourcecode.swift; path = MoveTextFieldManager.swift; sourceTree = "<group>"; };
		C38DB96726243CF400F602E3 /* MoveTextFieldProtocol.swift */ = {isa = PBXFileReference; lastKnownFileType = sourcecode.swift; path = MoveTextFieldProtocol.swift; sourceTree = "<group>"; };
		C38DB96F2624555200F602E3 /* PickerControllerProtocol.swift */ = {isa = PBXFileReference; lastKnownFileType = sourcecode.swift; path = PickerControllerProtocol.swift; sourceTree = "<group>"; };
		C38DB9732624565100F602E3 /* ImageSelectionManagerProtocol.swift */ = {isa = PBXFileReference; lastKnownFileType = sourcecode.swift; path = ImageSelectionManagerProtocol.swift; sourceTree = "<group>"; };
		C38DB977262456D300F602E3 /* GraphicsImageRendererProtocol.swift */ = {isa = PBXFileReference; lastKnownFileType = sourcecode.swift; path = GraphicsImageRendererProtocol.swift; sourceTree = "<group>"; };
		C394759E26221F9D009FB796 /* ProfileButton.swift */ = {isa = PBXFileReference; lastKnownFileType = sourcecode.swift; path = ProfileButton.swift; sourceTree = "<group>"; };
		C39475A2262223F5009FB796 /* ImageSelectionManager.swift */ = {isa = PBXFileReference; lastKnownFileType = sourcecode.swift; path = ImageSelectionManager.swift; sourceTree = "<group>"; };
		C39475A726222677009FB796 /* GraphicsImageRenderer.swift */ = {isa = PBXFileReference; lastKnownFileType = sourcecode.swift; path = GraphicsImageRenderer.swift; sourceTree = "<group>"; };
		C3A9A7152621C136000682CF /* PickerController.swift */ = {isa = PBXFileReference; lastKnownFileType = sourcecode.swift; path = PickerController.swift; sourceTree = "<group>"; };
		C3A9A7192621C9BE000682CF /* ChannelsManager.swift */ = {isa = PBXFileReference; lastKnownFileType = sourcecode.swift; path = ChannelsManager.swift; sourceTree = "<group>"; };
		C3A9A7202621DCB5000682CF /* FetchedResultsManager.swift */ = {isa = PBXFileReference; lastKnownFileType = sourcecode.swift; path = FetchedResultsManager.swift; sourceTree = "<group>"; };
		C3AD54D8261A410E004CB375 /* NSManagedObject.swift */ = {isa = PBXFileReference; lastKnownFileType = sourcecode.swift; path = NSManagedObject.swift; sourceTree = "<group>"; };
		C3AD54DE261A43ED004CB375 /* String.swift */ = {isa = PBXFileReference; lastKnownFileType = sourcecode.swift; path = String.swift; sourceTree = "<group>"; };
		C3B04F912622E2050044632B /* ThemeManagerProtocol.swift */ = {isa = PBXFileReference; lastKnownFileType = sourcecode.swift; path = ThemeManagerProtocol.swift; sourceTree = "<group>"; };
		C3B04FA72622E5DA0044632B /* PrintManager.swift */ = {isa = PBXFileReference; lastKnownFileType = sourcecode.swift; path = PrintManager.swift; sourceTree = "<group>"; };
		C3B04FAA2622E5F60044632B /* PrintManagerProtocol.swift */ = {isa = PBXFileReference; lastKnownFileType = sourcecode.swift; path = PrintManagerProtocol.swift; sourceTree = "<group>"; };
		C3B04FC32622F7C60044632B /* TableViewDataSourceProtocol.swift */ = {isa = PBXFileReference; lastKnownFileType = sourcecode.swift; path = TableViewDataSourceProtocol.swift; sourceTree = "<group>"; };
		C3B04FC82622FB550044632B /* TableViewDelegateProtocol.swift */ = {isa = PBXFileReference; lastKnownFileType = sourcecode.swift; path = TableViewDelegateProtocol.swift; sourceTree = "<group>"; };
		C3B04FCC2622FCD10044632B /* ScreenSaverProtocol.swift */ = {isa = PBXFileReference; lastKnownFileType = sourcecode.swift; path = ScreenSaverProtocol.swift; sourceTree = "<group>"; };
		C3B04FD12622FD5C0044632B /* FirebaseManagerProtocol.swift */ = {isa = PBXFileReference; lastKnownFileType = sourcecode.swift; path = FirebaseManagerProtocol.swift; sourceTree = "<group>"; };
		C3B2AB1725F4EC06005A4560 /* UITableViewCell.swift */ = {isa = PBXFileReference; lastKnownFileType = sourcecode.swift; path = UITableViewCell.swift; sourceTree = "<group>"; };
		C3B4167325F4FF3900A486BE /* UITextField.swift */ = {isa = PBXFileReference; lastKnownFileType = sourcecode.swift; path = UITextField.swift; sourceTree = "<group>"; };
		C3CC03A526203B690003CF0E /* CoordinatorProtocol.swift */ = {isa = PBXFileReference; lastKnownFileType = sourcecode.swift; path = CoordinatorProtocol.swift; sourceTree = "<group>"; };
		C3CC03AC26203C2D0003CF0E /* GoToCoordinatorProtocol.swift */ = {isa = PBXFileReference; lastKnownFileType = sourcecode.swift; path = GoToCoordinatorProtocol.swift; sourceTree = "<group>"; };
		C3CC03B226203CC30003CF0E /* Coordinator.swift */ = {isa = PBXFileReference; lastKnownFileType = sourcecode.swift; path = Coordinator.swift; sourceTree = "<group>"; };
		C3CEF75B25EAD81200C1C933 /* ConversationsListCell.swift */ = {isa = PBXFileReference; lastKnownFileType = sourcecode.swift; path = ConversationsListCell.swift; sourceTree = "<group>"; };
		C3CEF75F25EAD8A000C1C933 /* ConversationCell.swift */ = {isa = PBXFileReference; lastKnownFileType = sourcecode.swift; path = ConversationCell.swift; sourceTree = "<group>"; };
		C3F15155262186410021CE85 /* ScreenSaver.swift */ = {isa = PBXFileReference; lastKnownFileType = sourcecode.swift; path = ScreenSaver.swift; sourceTree = "<group>"; };
		C3F1515A2621897E0021CE85 /* FirebaseManager.swift */ = {isa = PBXFileReference; lastKnownFileType = sourcecode.swift; path = FirebaseManager.swift; sourceTree = "<group>"; };
		C3F5E72B25E6A89500633D0D /* Profile.swift */ = {isa = PBXFileReference; lastKnownFileType = sourcecode.swift; path = Profile.swift; sourceTree = "<group>"; };
		C3FFDE22260F481400974C5C /* Chats.xcdatamodel */ = {isa = PBXFileReference; lastKnownFileType = wrapper.xcdatamodel; path = Chats.xcdatamodel; sourceTree = "<group>"; };
		C3FFDE48260F580B00974C5C /* CoreDataStack.swift */ = {isa = PBXFileReference; lastKnownFileType = sourcecode.swift; path = CoreDataStack.swift; sourceTree = "<group>"; };
		C3FFDE4B260F5AF700974C5C /* ChatsDataModel.swift */ = {isa = PBXFileReference; lastKnownFileType = sourcecode.swift; path = ChatsDataModel.swift; sourceTree = "<group>"; };
		E7FAD99437460D777FFB6EA5 /* Pods-MyChat.release.xcconfig */ = {isa = PBXFileReference; includeInIndex = 1; lastKnownFileType = text.xcconfig; name = "Pods-MyChat.release.xcconfig"; path = "Target Support Files/Pods-MyChat/Pods-MyChat.release.xcconfig"; sourceTree = "<group>"; };
		E9FF1C9C3E446EA3C9BE3B15 /* Pods-MyChat.debug.xcconfig */ = {isa = PBXFileReference; includeInIndex = 1; lastKnownFileType = text.xcconfig; name = "Pods-MyChat.debug.xcconfig"; path = "Target Support Files/Pods-MyChat/Pods-MyChat.debug.xcconfig"; sourceTree = "<group>"; };
/* End PBXFileReference section */

/* Begin PBXFrameworksBuildPhase section */
		C366505025D93FB600335208 /* Frameworks */ = {
			isa = PBXFrameworksBuildPhase;
			buildActionMask = 2147483647;
			files = (
				A6EB6700CBB2F6DE096EFDAA /* Pods_MyChat.framework in Frameworks */,
			);
			runOnlyForDeploymentPostprocessing = 0;
		};
/* End PBXFrameworksBuildPhase section */

/* Begin PBXGroup section */
		2E1502F728C729F3F889850A /* Frameworks */ = {
			isa = PBXGroup;
			children = (
				072F7C8316EDC263CDBF2648 /* Pods_MyChat.framework */,
			);
			name = Frameworks;
			sourceTree = "<group>";
		};
		B1666460E12B35D56413CBFF /* Pods */ = {
			isa = PBXGroup;
			children = (
				E9FF1C9C3E446EA3C9BE3B15 /* Pods-MyChat.debug.xcconfig */,
				E7FAD99437460D777FFB6EA5 /* Pods-MyChat.release.xcconfig */,
			);
			path = Pods;
			sourceTree = "<group>";
		};
		C34B08A025F3BD9500C6D24C /* Themes */ = {
			isa = PBXGroup;
			children = (
				C34B08A125F3BDEA00C6D24C /* ThemesViewController.swift */,
			);
			path = Themes;
			sourceTree = "<group>";
		};
		C355D7D5262353F200028130 /* CoreDataStack */ = {
			isa = PBXGroup;
			children = (
				C355D7D62623540700028130 /* CoreDataStackProtocol.swift */,
				C3FFDE48260F580B00974C5C /* CoreDataStack.swift */,
			);
			path = CoreDataStack;
			sourceTree = "<group>";
		};
		C355D7FD2623729E00028130 /* FetchedResultsManager */ = {
			isa = PBXGroup;
			children = (
				C3A9A7202621DCB5000682CF /* FetchedResultsManager.swift */,
			);
			path = FetchedResultsManager;
			sourceTree = "<group>";
		};
		C35C14822620914A00716EDA /* FetchedResultsController */ = {
			isa = PBXGroup;
			children = (
				C355D7F9262371DE00028130 /* FetchedResultsControllerProtocol.swift */,
				C35C14832620917200716EDA /* FetchedResultsControllerDelegate.swift */,
			);
			path = FetchedResultsController;
			sourceTree = "<group>";
		};
		C35C14862620994300716EDA /* TextField */ = {
			isa = PBXGroup;
			children = (
				C38DB95F2624261300F602E3 /* TextFieldDelegateProtocol.swift */,
				C35C14872620996700716EDA /* TextFieldDelegate.swift */,
			);
			path = TextField;
			sourceTree = "<group>";
		};
		C366504A25D93FB600335208 = {
			isa = PBXGroup;
			children = (
				C366505525D93FB600335208 /* MyChat */,
				C366505425D93FB600335208 /* Products */,
				B1666460E12B35D56413CBFF /* Pods */,
				2E1502F728C729F3F889850A /* Frameworks */,
			);
			sourceTree = "<group>";
		};
		C366505425D93FB600335208 /* Products */ = {
			isa = PBXGroup;
			children = (
				C366505325D93FB600335208 /* MyChat.app */,
			);
			name = Products;
			sourceTree = "<group>";
		};
		C366505525D93FB600335208 /* MyChat */ = {
			isa = PBXGroup;
			children = (
				C366505625D93FB600335208 /* AppDelegate.swift */,
				C366505825D93FB600335208 /* SceneDelegate.swift */,
				C366507825D948F400335208 /* ViewController */,
				C366507425D9488500335208 /* Storyboard */,
				C366507525D948A200335208 /* Support */,
				C3F5E72A25E6A87B00633D0D /* Model */,
				C3FFDE20260F47CE00974C5C /* DataModel */,
				C36EEE9825E27E1D00A60E66 /* Common */,
				C3CC03A326203B330003CF0E /* Core */,
				C366507325D9483000335208 /* Helper */,
				C3725D202605D59D00A49989 /* File */,
			);
			path = MyChat;
			sourceTree = "<group>";
		};
		C366507325D9483000335208 /* Helper */ = {
			isa = PBXGroup;
			children = (
				C304FFFE25FCFEB9005A3A14 /* FileWorkManager.swift */,
				C3648F79260347BA000D75C8 /* StateLoader.swift */,
				C394759E26221F9D009FB796 /* ProfileButton.swift */,
			);
			path = Helper;
			sourceTree = "<group>";
		};
		C366507425D9488500335208 /* Storyboard */ = {
			isa = PBXGroup;
			children = (
				C366506125D93FB700335208 /* LaunchScreen.storyboard */,
				C366505C25D93FB600335208 /* Main.storyboard */,
			);
			path = Storyboard;
			sourceTree = "<group>";
		};
		C366507525D948A200335208 /* Support */ = {
			isa = PBXGroup;
			children = (
				C366505F25D93FB700335208 /* Assets.xcassets */,
				C366506425D93FB700335208 /* Info.plist */,
			);
			path = Support;
			sourceTree = "<group>";
		};
		C366507825D948F400335208 /* ViewController */ = {
			isa = PBXGroup;
			children = (
				C3CEF75625EACC2900C1C933 /* ConversationsList */,
				C3CEF75725EACC4B00C1C933 /* Conversation */,
				C34B08A025F3BD9500C6D24C /* Themes */,
				C366505A25D93FB600335208 /* ViewController.swift */,
				C36EEE9325E2582600A60E66 /* ProfileViewController.swift */,
			);
			path = ViewController;
			sourceTree = "<group>";
		};
		C36EEE9825E27E1D00A60E66 /* Common */ = {
			isa = PBXGroup;
			children = (
				C36EEE9925E27E2700A60E66 /* Extensions */,
			);
			path = Common;
			sourceTree = "<group>";
		};
		C36EEE9925E27E2700A60E66 /* Extensions */ = {
			isa = PBXGroup;
			children = (
				C34551DE25E63918004F13ED /* UIButton.swift */,
				C3B2AB1725F4EC06005A4560 /* UITableViewCell.swift */,
				C3B4167325F4FF3900A486BE /* UITextField.swift */,
				C30A65B825F66F0A00962C9C /* UIAlertController.swift */,
				C30A65BB25F6737B00962C9C /* UIWindow.swift */,
				C3AD54D8261A410E004CB375 /* NSManagedObject.swift */,
				C3FFDE4B260F5AF700974C5C /* ChatsDataModel.swift */,
				C3AD54DE261A43ED004CB375 /* String.swift */,
			);
			path = Extensions;
			sourceTree = "<group>";
		};
		C36EF9AD26208BBE00F1DF87 /* TableView */ = {
			isa = PBXGroup;
			children = (
				C3B04FC12622F7780044632B /* TableViewDataSource */,
				C3B04FC22622F78B0044632B /* TableViewDelegate */,
			);
			path = TableView;
			sourceTree = "<group>";
		};
		C3724AD325EA47730039CD24 /* Cell */ = {
			isa = PBXGroup;
			children = (
				C3CEF75B25EAD81200C1C933 /* ConversationsListCell.swift */,
			);
			path = Cell;
			sourceTree = "<group>";
		};
		C3725D202605D59D00A49989 /* File */ = {
			isa = PBXGroup;
			children = (
				C3725D242605D5C000A49989 /* GoogleService-Info.plist */,
			);
			path = File;
			sourceTree = "<group>";
		};
		C38DB96626243CE000F602E3 /* MoveTextFieldManager */ = {
			isa = PBXGroup;
			children = (
				C38DB96726243CF400F602E3 /* MoveTextFieldProtocol.swift */,
				C38DB9632624394F00F602E3 /* MoveTextFieldManager.swift */,
			);
			path = MoveTextFieldManager;
			sourceTree = "<group>";
		};
		C38DB96D2624427C00F602E3 /* FileLoader */ = {
			isa = PBXGroup;
			children = (
				C32247322601F59600F5F639 /* FileLoaderProtocol.swift */,
				C32E748325FE74CF0063AB24 /* GCDFileLoader.swift */,
				C322472F2601F55A00F5F639 /* OperationFileLoader.swift */,
			);
			path = FileLoader;
			sourceTree = "<group>";
		};
		C39475A1262223D2009FB796 /* ImageSelectionManager */ = {
			isa = PBXGroup;
			children = (
				C38DB9732624565100F602E3 /* ImageSelectionManagerProtocol.swift */,
				C39475A2262223F5009FB796 /* ImageSelectionManager.swift */,
			);
			path = ImageSelectionManager;
			sourceTree = "<group>";
		};
		C39475A626222668009FB796 /* GraphicsImageRenderer */ = {
			isa = PBXGroup;
			children = (
				C38DB977262456D300F602E3 /* GraphicsImageRendererProtocol.swift */,
				C39475A726222677009FB796 /* GraphicsImageRenderer.swift */,
			);
			path = GraphicsImageRenderer;
			sourceTree = "<group>";
		};
		C3A9A7142621C124000682CF /* PickerController */ = {
			isa = PBXGroup;
			children = (
				C38DB96F2624555200F602E3 /* PickerControllerProtocol.swift */,
				C3A9A7152621C136000682CF /* PickerController.swift */,
			);
			path = PickerController;
			sourceTree = "<group>";
		};
		C3A9A7182621C98E000682CF /* ChannelsManager */ = {
			isa = PBXGroup;
			children = (
				C355D7D12623532B00028130 /* ChannelsManagerProtocol.swift */,
				C3A9A7192621C9BE000682CF /* ChannelsManager.swift */,
			);
			path = ChannelsManager;
			sourceTree = "<group>";
		};
		C3B04F902622E1EA0044632B /* ThemeManager */ = {
			isa = PBXGroup;
			children = (
				C3B04F912622E2050044632B /* ThemeManagerProtocol.swift */,
				C34B08A725F3C4F400C6D24C /* ThemeManager.swift */,
			);
			path = ThemeManager;
			sourceTree = "<group>";
		};
		C3B04FA62622E5C00044632B /* PrintManager */ = {
			isa = PBXGroup;
			children = (
				C3B04FAA2622E5F60044632B /* PrintManagerProtocol.swift */,
				C3B04FA72622E5DA0044632B /* PrintManager.swift */,
			);
			path = PrintManager;
			sourceTree = "<group>";
		};
		C3B04FC12622F7780044632B /* TableViewDataSource */ = {
			isa = PBXGroup;
			children = (
				C3B04FC32622F7C60044632B /* TableViewDataSourceProtocol.swift */,
				C36EF9AE26208BDF00F1DF87 /* TableViewDataSource.swift */,
			);
			path = TableViewDataSource;
			sourceTree = "<group>";
		};
		C3B04FC22622F78B0044632B /* TableViewDelegate */ = {
			isa = PBXGroup;
			children = (
				C3B04FC82622FB550044632B /* TableViewDelegateProtocol.swift */,
				C36EF9B226208C7800F1DF87 /* TableViewDelegate.swift */,
			);
			path = TableViewDelegate;
			sourceTree = "<group>";
		};
		C3CC03A326203B330003CF0E /* Core */ = {
			isa = PBXGroup;
			children = (
				C3CC03A426203B520003CF0E /* Coordinator */,
				C3B04F902622E1EA0044632B /* ThemeManager */,
				C3B04FA62622E5C00044632B /* PrintManager */,
				C36EF9AD26208BBE00F1DF87 /* TableView */,
				C3F151542621861A0021CE85 /* ScreenSaver */,
				C3F15159262189660021CE85 /* FirebaseManager */,
				C3A9A7182621C98E000682CF /* ChannelsManager */,
				C355D7D5262353F200028130 /* CoreDataStack */,
				C355D7FD2623729E00028130 /* FetchedResultsManager */,
				C35C14822620914A00716EDA /* FetchedResultsController */,
				C38DB96626243CE000F602E3 /* MoveTextFieldManager */,
				C38DB96D2624427C00F602E3 /* FileLoader */,
				C35C14862620994300716EDA /* TextField */,
				C3A9A7142621C124000682CF /* PickerController */,
				C39475A1262223D2009FB796 /* ImageSelectionManager */,
				C39475A626222668009FB796 /* GraphicsImageRenderer */,
			);
			path = Core;
			sourceTree = "<group>";
		};
		C3CC03A426203B520003CF0E /* Coordinator */ = {
			isa = PBXGroup;
			children = (
				C3CC03A526203B690003CF0E /* CoordinatorProtocol.swift */,
				C3CC03AC26203C2D0003CF0E /* GoToCoordinatorProtocol.swift */,
				C3CC03B226203CC30003CF0E /* Coordinator.swift */,
			);
			path = Coordinator;
			sourceTree = "<group>";
		};
		C3CEF75625EACC2900C1C933 /* ConversationsList */ = {
			isa = PBXGroup;
			children = (
				C3724AD325EA47730039CD24 /* Cell */,
				C3724ACD25EA2C5E0039CD24 /* ConversationsListViewController.swift */,
			);
			path = ConversationsList;
			sourceTree = "<group>";
		};
		C3CEF75725EACC4B00C1C933 /* Conversation */ = {
			isa = PBXGroup;
			children = (
				C3CEF75825EACC5400C1C933 /* Cell */,
				C3724AD025EA2EA20039CD24 /* ConversationViewController.swift */,
			);
			path = Conversation;
			sourceTree = "<group>";
		};
		C3CEF75825EACC5400C1C933 /* Cell */ = {
			isa = PBXGroup;
			children = (
				C3CEF75F25EAD8A000C1C933 /* ConversationCell.swift */,
				C325085E25F0179100A92D9C /* BubbleView.swift */,
			);
			path = Cell;
			sourceTree = "<group>";
		};
		C3F151542621861A0021CE85 /* ScreenSaver */ = {
			isa = PBXGroup;
			children = (
				C3B04FCC2622FCD10044632B /* ScreenSaverProtocol.swift */,
				C3F15155262186410021CE85 /* ScreenSaver.swift */,
			);
			path = ScreenSaver;
			sourceTree = "<group>";
		};
		C3F15159262189660021CE85 /* FirebaseManager */ = {
			isa = PBXGroup;
			children = (
				C3B04FD12622FD5C0044632B /* FirebaseManagerProtocol.swift */,
				C3F1515A2621897E0021CE85 /* FirebaseManager.swift */,
			);
			path = FirebaseManager;
			sourceTree = "<group>";
		};
		C3F5E72A25E6A87B00633D0D /* Model */ = {
			isa = PBXGroup;
			children = (
				C3F5E72B25E6A89500633D0D /* Profile.swift */,
				C35F135725FA2F280028A796 /* Section.swift */,
				C35F135A25FA2FE90028A796 /* User.swift */,
				C304FFFB25FCEBAC005A3A14 /* Settings.swift */,
			);
			path = Model;
			sourceTree = "<group>";
		};
		C3FFDE20260F47CE00974C5C /* DataModel */ = {
			isa = PBXGroup;
			children = (
				C3FFDE21260F481400974C5C /* Chats.xcdatamodeld */,
			);
			path = DataModel;
			sourceTree = "<group>";
		};
/* End PBXGroup section */

/* Begin PBXNativeTarget section */
		C366505225D93FB600335208 /* MyChat */ = {
			isa = PBXNativeTarget;
			buildConfigurationList = C366506725D93FB700335208 /* Build configuration list for PBXNativeTarget "MyChat" */;
			buildPhases = (
				29BCB9E0CD7DE161EBF2F621 /* [CP] Check Pods Manifest.lock */,
				C366504F25D93FB600335208 /* Sources */,
				C366505025D93FB600335208 /* Frameworks */,
				C366505125D93FB600335208 /* Resources */,
				ED6329CCA42A94DFEA5E23F1 /* [CP] Embed Pods Frameworks */,
				C3725D392605E9C900A49989 /* ShellScript */,
			);
			buildRules = (
			);
			dependencies = (
			);
			name = MyChat;
			productName = MyChat;
			productReference = C366505325D93FB600335208 /* MyChat.app */;
			productType = "com.apple.product-type.application";
		};
/* End PBXNativeTarget section */

/* Begin PBXProject section */
		C366504B25D93FB600335208 /* Project object */ = {
			isa = PBXProject;
			attributes = {
				LastSwiftUpdateCheck = 1240;
				LastUpgradeCheck = 1240;
				TargetAttributes = {
					C366505225D93FB600335208 = {
						CreatedOnToolsVersion = 12.4;
					};
				};
			};
			buildConfigurationList = C366504E25D93FB600335208 /* Build configuration list for PBXProject "MyChat" */;
			compatibilityVersion = "Xcode 9.3";
			developmentRegion = en;
			hasScannedForEncodings = 0;
			knownRegions = (
				en,
				Base,
			);
			mainGroup = C366504A25D93FB600335208;
			productRefGroup = C366505425D93FB600335208 /* Products */;
			projectDirPath = "";
			projectRoot = "";
			targets = (
				C366505225D93FB600335208 /* MyChat */,
			);
		};
/* End PBXProject section */

/* Begin PBXResourcesBuildPhase section */
		C366505125D93FB600335208 /* Resources */ = {
			isa = PBXResourcesBuildPhase;
			buildActionMask = 2147483647;
			files = (
				C366506325D93FB700335208 /* LaunchScreen.storyboard in Resources */,
				C3725D252605D5C000A49989 /* GoogleService-Info.plist in Resources */,
				C366506025D93FB700335208 /* Assets.xcassets in Resources */,
				C366505E25D93FB600335208 /* Main.storyboard in Resources */,
			);
			runOnlyForDeploymentPostprocessing = 0;
		};
/* End PBXResourcesBuildPhase section */

/* Begin PBXShellScriptBuildPhase section */
		29BCB9E0CD7DE161EBF2F621 /* [CP] Check Pods Manifest.lock */ = {
			isa = PBXShellScriptBuildPhase;
			buildActionMask = 2147483647;
			files = (
			);
			inputFileListPaths = (
			);
			inputPaths = (
				"${PODS_PODFILE_DIR_PATH}/Podfile.lock",
				"${PODS_ROOT}/Manifest.lock",
			);
			name = "[CP] Check Pods Manifest.lock";
			outputFileListPaths = (
			);
			outputPaths = (
				"$(DERIVED_FILE_DIR)/Pods-MyChat-checkManifestLockResult.txt",
			);
			runOnlyForDeploymentPostprocessing = 0;
			shellPath = /bin/sh;
			shellScript = "diff \"${PODS_PODFILE_DIR_PATH}/Podfile.lock\" \"${PODS_ROOT}/Manifest.lock\" > /dev/null\nif [ $? != 0 ] ; then\n    # print error to STDERR\n    echo \"error: The sandbox is not in sync with the Podfile.lock. Run 'pod install' or update your CocoaPods installation.\" >&2\n    exit 1\nfi\n# This output is used by Xcode 'outputs' to avoid re-running this script phase.\necho \"SUCCESS\" > \"${SCRIPT_OUTPUT_FILE_0}\"\n";
			showEnvVarsInLog = 0;
		};
		C3725D392605E9C900A49989 /* ShellScript */ = {
			isa = PBXShellScriptBuildPhase;
			buildActionMask = 2147483647;
			files = (
			);
			inputFileListPaths = (
			);
			inputPaths = (
			);
			outputFileListPaths = (
			);
			outputPaths = (
			);
			runOnlyForDeploymentPostprocessing = 0;
			shellPath = /bin/sh;
			shellScript = "SWIFT_LINT=\"${PODS_ROOT}/SwiftLint/swiftlint\"\nSWIFT_LINT_CONFIG=\"${PODS_ROOT}/../rules.swiftlint.yml\"\n\nif which swiftlint >/dev/null; then\n${SWIFT_LINT} --config ${SWIFT_LINT_CONFIG}\nelse\necho \"warning: SwiftLint not installed, 'brew install swiftlint' or download from https://github.com/realm/SwiftLint\"\nfi\n";
		};
		ED6329CCA42A94DFEA5E23F1 /* [CP] Embed Pods Frameworks */ = {
			isa = PBXShellScriptBuildPhase;
			buildActionMask = 2147483647;
			files = (
			);
			inputFileListPaths = (
				"${PODS_ROOT}/Target Support Files/Pods-MyChat/Pods-MyChat-frameworks-${CONFIGURATION}-input-files.xcfilelist",
			);
			name = "[CP] Embed Pods Frameworks";
			outputFileListPaths = (
				"${PODS_ROOT}/Target Support Files/Pods-MyChat/Pods-MyChat-frameworks-${CONFIGURATION}-output-files.xcfilelist",
			);
			runOnlyForDeploymentPostprocessing = 0;
			shellPath = /bin/sh;
			shellScript = "\"${PODS_ROOT}/Target Support Files/Pods-MyChat/Pods-MyChat-frameworks.sh\"\n";
			showEnvVarsInLog = 0;
		};
/* End PBXShellScriptBuildPhase section */

/* Begin PBXSourcesBuildPhase section */
		C366504F25D93FB600335208 /* Sources */ = {
			isa = PBXSourcesBuildPhase;
			buildActionMask = 2147483647;
			files = (
				C3B04FC42622F7C60044632B /* TableViewDataSourceProtocol.swift in Sources */,
				C3B04FAB2622E5F60044632B /* PrintManagerProtocol.swift in Sources */,
				C366505B25D93FB600335208 /* ViewController.swift in Sources */,
				C35C14842620917200716EDA /* FetchedResultsControllerDelegate.swift in Sources */,
				C3A9A7162621C136000682CF /* PickerController.swift in Sources */,
				C394759F26221F9D009FB796 /* ProfileButton.swift in Sources */,
				C3B2AB1825F4EC06005A4560 /* UITableViewCell.swift in Sources */,
				C3B04FA82622E5DA0044632B /* PrintManager.swift in Sources */,
				C3FFDE23260F481400974C5C /* Chats.xcdatamodeld in Sources */,
				C30A65BC25F6737B00962C9C /* UIWindow.swift in Sources */,
				C3B04FC92622FB550044632B /* TableViewDelegateProtocol.swift in Sources */,
				C39475A3262223F5009FB796 /* ImageSelectionManager.swift in Sources */,
				C3AD54DF261A43ED004CB375 /* String.swift in Sources */,
				C34B08A825F3C4F400C6D24C /* ThemeManager.swift in Sources */,
				C3CEF76125EAD8A000C1C933 /* ConversationCell.swift in Sources */,
				C3648F7A260347BA000D75C8 /* StateLoader.swift in Sources */,
				C3724ACE25EA2C5E0039CD24 /* ConversationsListViewController.swift in Sources */,
				C355D7D72623540700028130 /* CoreDataStackProtocol.swift in Sources */,
				C35F135825FA2F280028A796 /* Section.swift in Sources */,
				C3B04FD22622FD5C0044632B /* FirebaseManagerProtocol.swift in Sources */,
				C38DB978262456D300F602E3 /* GraphicsImageRendererProtocol.swift in Sources */,
				C38DB9742624565100F602E3 /* ImageSelectionManagerProtocol.swift in Sources */,
				C3CC03B326203CC30003CF0E /* Coordinator.swift in Sources */,
				C3F1515B2621897E0021CE85 /* FirebaseManager.swift in Sources */,
				C304FFFC25FCEBAC005A3A14 /* Settings.swift in Sources */,
				C34B08A225F3BDEA00C6D24C /* ThemesViewController.swift in Sources */,
				C3FFDE4C260F5AF700974C5C /* ChatsDataModel.swift in Sources */,
				C38DB9702624555200F602E3 /* PickerControllerProtocol.swift in Sources */,
				C35F135B25FA2FE90028A796 /* User.swift in Sources */,
				C3CEF75C25EAD81200C1C933 /* ConversationsListCell.swift in Sources */,
				C38DB96826243CF400F602E3 /* MoveTextFieldProtocol.swift in Sources */,
				C36EF9B326208C7800F1DF87 /* TableViewDelegate.swift in Sources */,
				C32247332601F59600F5F639 /* FileLoaderProtocol.swift in Sources */,
				C3A9A71A2621C9BE000682CF /* ChannelsManager.swift in Sources */,
				C3CC03AD26203C2D0003CF0E /* GoToCoordinatorProtocol.swift in Sources */,
				C35C14882620996700716EDA /* TextFieldDelegate.swift in Sources */,
				C3FFDE49260F580B00974C5C /* CoreDataStack.swift in Sources */,
				C3724AD125EA2EA20039CD24 /* ConversationViewController.swift in Sources */,
				C366505725D93FB600335208 /* AppDelegate.swift in Sources */,
				C304FFFF25FCFEB9005A3A14 /* FileWorkManager.swift in Sources */,
				C30A65B925F66F0A00962C9C /* UIAlertController.swift in Sources */,
				C3A9A7212621DCB5000682CF /* FetchedResultsManager.swift in Sources */,
				C3AD54D9261A410E004CB375 /* NSManagedObject.swift in Sources */,
				C38DB9642624394F00F602E3 /* MoveTextFieldManager.swift in Sources */,
				C325085F25F0179100A92D9C /* BubbleView.swift in Sources */,
				C36EEE9425E2582600A60E66 /* ProfileViewController.swift in Sources */,
				C36EF9AF26208BDF00F1DF87 /* TableViewDataSource.swift in Sources */,
				C3B04FCD2622FCD10044632B /* ScreenSaverProtocol.swift in Sources */,
				C3F5E72C25E6A89500633D0D /* Profile.swift in Sources */,
				C355D7D22623532B00028130 /* ChannelsManagerProtocol.swift in Sources */,
				C3F15156262186410021CE85 /* ScreenSaver.swift in Sources */,
				C3B04F922622E2050044632B /* ThemeManagerProtocol.swift in Sources */,
				C32E748425FE74CF0063AB24 /* GCDFileLoader.swift in Sources */,
				C38DB9602624261300F602E3 /* TextFieldDelegateProtocol.swift in Sources */,
				C39475A826222677009FB796 /* GraphicsImageRenderer.swift in Sources */,
				C3CC03A626203B690003CF0E /* CoordinatorProtocol.swift in Sources */,
				C34551DF25E63919004F13ED /* UIButton.swift in Sources */,
				C366505925D93FB600335208 /* SceneDelegate.swift in Sources */,
				C355D7FA262371DE00028130 /* FetchedResultsControllerProtocol.swift in Sources */,
				C3B4167425F4FF3900A486BE /* UITextField.swift in Sources */,
				C32247302601F55A00F5F639 /* OperationFileLoader.swift in Sources */,
			);
			runOnlyForDeploymentPostprocessing = 0;
		};
/* End PBXSourcesBuildPhase section */

/* Begin PBXVariantGroup section */
		C366505C25D93FB600335208 /* Main.storyboard */ = {
			isa = PBXVariantGroup;
			children = (
				C366505D25D93FB600335208 /* Base */,
			);
			name = Main.storyboard;
			sourceTree = "<group>";
		};
		C366506125D93FB700335208 /* LaunchScreen.storyboard */ = {
			isa = PBXVariantGroup;
			children = (
				C366506225D93FB700335208 /* Base */,
			);
			name = LaunchScreen.storyboard;
			sourceTree = "<group>";
		};
/* End PBXVariantGroup section */

/* Begin XCBuildConfiguration section */
		C366506525D93FB700335208 /* Debug */ = {
			isa = XCBuildConfiguration;
			buildSettings = {
				ALWAYS_SEARCH_USER_PATHS = NO;
				CLANG_ANALYZER_NONNULL = YES;
				CLANG_ANALYZER_NUMBER_OBJECT_CONVERSION = YES_AGGRESSIVE;
				CLANG_CXX_LANGUAGE_STANDARD = "gnu++14";
				CLANG_CXX_LIBRARY = "libc++";
				CLANG_ENABLE_MODULES = YES;
				CLANG_ENABLE_OBJC_ARC = YES;
				CLANG_ENABLE_OBJC_WEAK = YES;
				CLANG_WARN_BLOCK_CAPTURE_AUTORELEASING = YES;
				CLANG_WARN_BOOL_CONVERSION = YES;
				CLANG_WARN_COMMA = YES;
				CLANG_WARN_CONSTANT_CONVERSION = YES;
				CLANG_WARN_DEPRECATED_OBJC_IMPLEMENTATIONS = YES;
				CLANG_WARN_DIRECT_OBJC_ISA_USAGE = YES_ERROR;
				CLANG_WARN_DOCUMENTATION_COMMENTS = YES;
				CLANG_WARN_EMPTY_BODY = YES;
				CLANG_WARN_ENUM_CONVERSION = YES;
				CLANG_WARN_INFINITE_RECURSION = YES;
				CLANG_WARN_INT_CONVERSION = YES;
				CLANG_WARN_NON_LITERAL_NULL_CONVERSION = YES;
				CLANG_WARN_OBJC_IMPLICIT_RETAIN_SELF = YES;
				CLANG_WARN_OBJC_LITERAL_CONVERSION = YES;
				CLANG_WARN_OBJC_ROOT_CLASS = YES_ERROR;
				CLANG_WARN_QUOTED_INCLUDE_IN_FRAMEWORK_HEADER = YES;
				CLANG_WARN_RANGE_LOOP_ANALYSIS = YES;
				CLANG_WARN_STRICT_PROTOTYPES = YES;
				CLANG_WARN_SUSPICIOUS_MOVE = YES;
				CLANG_WARN_UNGUARDED_AVAILABILITY = YES_AGGRESSIVE;
				CLANG_WARN_UNREACHABLE_CODE = YES;
				CLANG_WARN__DUPLICATE_METHOD_MATCH = YES;
				COPY_PHASE_STRIP = NO;
				DEBUG_INFORMATION_FORMAT = dwarf;
				ENABLE_STRICT_OBJC_MSGSEND = YES;
				ENABLE_TESTABILITY = YES;
				GCC_C_LANGUAGE_STANDARD = gnu11;
				GCC_DYNAMIC_NO_PIC = NO;
				GCC_NO_COMMON_BLOCKS = YES;
				GCC_OPTIMIZATION_LEVEL = 0;
				GCC_PREPROCESSOR_DEFINITIONS = (
					"DEBUG=1",
					"$(inherited)",
				);
				GCC_WARN_64_TO_32_BIT_CONVERSION = YES;
				GCC_WARN_ABOUT_RETURN_TYPE = YES_ERROR;
				GCC_WARN_UNDECLARED_SELECTOR = YES;
				GCC_WARN_UNINITIALIZED_AUTOS = YES_AGGRESSIVE;
				GCC_WARN_UNUSED_FUNCTION = YES;
				GCC_WARN_UNUSED_VARIABLE = YES;
				IPHONEOS_DEPLOYMENT_TARGET = 12.0;
				MTL_ENABLE_DEBUG_INFO = INCLUDE_SOURCE;
				MTL_FAST_MATH = YES;
				ONLY_ACTIVE_ARCH = YES;
				SDKROOT = iphoneos;
				SWIFT_ACTIVE_COMPILATION_CONDITIONS = DEBUG;
				SWIFT_OPTIMIZATION_LEVEL = "-Onone";
			};
			name = Debug;
		};
		C366506625D93FB700335208 /* Release */ = {
			isa = XCBuildConfiguration;
			buildSettings = {
				ALWAYS_SEARCH_USER_PATHS = NO;
				CLANG_ANALYZER_NONNULL = YES;
				CLANG_ANALYZER_NUMBER_OBJECT_CONVERSION = YES_AGGRESSIVE;
				CLANG_CXX_LANGUAGE_STANDARD = "gnu++14";
				CLANG_CXX_LIBRARY = "libc++";
				CLANG_ENABLE_MODULES = YES;
				CLANG_ENABLE_OBJC_ARC = YES;
				CLANG_ENABLE_OBJC_WEAK = YES;
				CLANG_WARN_BLOCK_CAPTURE_AUTORELEASING = YES;
				CLANG_WARN_BOOL_CONVERSION = YES;
				CLANG_WARN_COMMA = YES;
				CLANG_WARN_CONSTANT_CONVERSION = YES;
				CLANG_WARN_DEPRECATED_OBJC_IMPLEMENTATIONS = YES;
				CLANG_WARN_DIRECT_OBJC_ISA_USAGE = YES_ERROR;
				CLANG_WARN_DOCUMENTATION_COMMENTS = YES;
				CLANG_WARN_EMPTY_BODY = YES;
				CLANG_WARN_ENUM_CONVERSION = YES;
				CLANG_WARN_INFINITE_RECURSION = YES;
				CLANG_WARN_INT_CONVERSION = YES;
				CLANG_WARN_NON_LITERAL_NULL_CONVERSION = YES;
				CLANG_WARN_OBJC_IMPLICIT_RETAIN_SELF = YES;
				CLANG_WARN_OBJC_LITERAL_CONVERSION = YES;
				CLANG_WARN_OBJC_ROOT_CLASS = YES_ERROR;
				CLANG_WARN_QUOTED_INCLUDE_IN_FRAMEWORK_HEADER = YES;
				CLANG_WARN_RANGE_LOOP_ANALYSIS = YES;
				CLANG_WARN_STRICT_PROTOTYPES = YES;
				CLANG_WARN_SUSPICIOUS_MOVE = YES;
				CLANG_WARN_UNGUARDED_AVAILABILITY = YES_AGGRESSIVE;
				CLANG_WARN_UNREACHABLE_CODE = YES;
				CLANG_WARN__DUPLICATE_METHOD_MATCH = YES;
				COPY_PHASE_STRIP = NO;
				DEBUG_INFORMATION_FORMAT = "dwarf-with-dsym";
				ENABLE_NS_ASSERTIONS = NO;
				ENABLE_STRICT_OBJC_MSGSEND = YES;
				GCC_C_LANGUAGE_STANDARD = gnu11;
				GCC_NO_COMMON_BLOCKS = YES;
				GCC_WARN_64_TO_32_BIT_CONVERSION = YES;
				GCC_WARN_ABOUT_RETURN_TYPE = YES_ERROR;
				GCC_WARN_UNDECLARED_SELECTOR = YES;
				GCC_WARN_UNINITIALIZED_AUTOS = YES_AGGRESSIVE;
				GCC_WARN_UNUSED_FUNCTION = YES;
				GCC_WARN_UNUSED_VARIABLE = YES;
				IPHONEOS_DEPLOYMENT_TARGET = 12.0;
				MTL_ENABLE_DEBUG_INFO = NO;
				MTL_FAST_MATH = YES;
				SDKROOT = iphoneos;
				SWIFT_COMPILATION_MODE = wholemodule;
				SWIFT_OPTIMIZATION_LEVEL = "-O";
				VALIDATE_PRODUCT = YES;
			};
			name = Release;
		};
		C366506825D93FB700335208 /* Debug */ = {
			isa = XCBuildConfiguration;
			baseConfigurationReference = E9FF1C9C3E446EA3C9BE3B15 /* Pods-MyChat.debug.xcconfig */;
			buildSettings = {
				ASSETCATALOG_COMPILER_APPICON_NAME = AppIcon;
				ASSETCATALOG_COMPILER_GLOBAL_ACCENT_COLOR_NAME = AccentColor;
				CODE_SIGN_STYLE = Automatic;
				DEVELOPMENT_TEAM = 3KH833X29S;
				INFOPLIST_FILE = "$(SRCROOT)/MyChat/Support/Info.plist";
				LD_RUNPATH_SEARCH_PATHS = (
					"$(inherited)",
					"@executable_path/Frameworks",
				);
				PRODUCT_BUNDLE_IDENTIFIER = ru.tinkoff.TinkoffChat;
				PRODUCT_NAME = "$(TARGET_NAME)";
				SWIFT_VERSION = 5.0;
				TARGETED_DEVICE_FAMILY = 1;
			};
			name = Debug;
		};
		C366506925D93FB700335208 /* Release */ = {
			isa = XCBuildConfiguration;
			baseConfigurationReference = E7FAD99437460D777FFB6EA5 /* Pods-MyChat.release.xcconfig */;
			buildSettings = {
				ASSETCATALOG_COMPILER_APPICON_NAME = AppIcon;
				ASSETCATALOG_COMPILER_GLOBAL_ACCENT_COLOR_NAME = AccentColor;
				CODE_SIGN_STYLE = Automatic;
				DEVELOPMENT_TEAM = 3KH833X29S;
				INFOPLIST_FILE = "$(SRCROOT)/MyChat/Support/Info.plist";
				LD_RUNPATH_SEARCH_PATHS = (
					"$(inherited)",
					"@executable_path/Frameworks",
				);
				PRODUCT_BUNDLE_IDENTIFIER = ru.tinkoff.TinkoffChat;
				PRODUCT_NAME = "$(TARGET_NAME)";
				SWIFT_VERSION = 5.0;
				TARGETED_DEVICE_FAMILY = 1;
			};
			name = Release;
		};
/* End XCBuildConfiguration section */

/* Begin XCConfigurationList section */
		C366504E25D93FB600335208 /* Build configuration list for PBXProject "MyChat" */ = {
			isa = XCConfigurationList;
			buildConfigurations = (
				C366506525D93FB700335208 /* Debug */,
				C366506625D93FB700335208 /* Release */,
			);
			defaultConfigurationIsVisible = 0;
			defaultConfigurationName = Release;
		};
		C366506725D93FB700335208 /* Build configuration list for PBXNativeTarget "MyChat" */ = {
			isa = XCConfigurationList;
			buildConfigurations = (
				C366506825D93FB700335208 /* Debug */,
				C366506925D93FB700335208 /* Release */,
			);
			defaultConfigurationIsVisible = 0;
			defaultConfigurationName = Release;
		};
/* End XCConfigurationList section */

/* Begin XCVersionGroup section */
		C3FFDE21260F481400974C5C /* Chats.xcdatamodeld */ = {
			isa = XCVersionGroup;
			children = (
				C3FFDE22260F481400974C5C /* Chats.xcdatamodel */,
			);
			currentVersion = C3FFDE22260F481400974C5C /* Chats.xcdatamodel */;
			path = Chats.xcdatamodeld;
			sourceTree = "<group>";
			versionGroupType = wrapper.xcdatamodel;
		};
/* End XCVersionGroup section */
	};
	rootObject = C366504B25D93FB600335208 /* Project object */;
}
